
Microsoft Visual Studio Solution File, Format Version 12.00
# Visual Studio 14
VisualStudioVersion = 14.0.25420.1
MinimumVisualStudioVersion = 10.0.40219.1
Project("{FAE04EC0-301F-11D3-BF4B-00C04F79EFBC}") = "IntComponent", "IntComponent\IntComponent\IntComponent.csproj", "{0F6A8DEE-DA07-486E-B15A-F0B9B2BB4601}"
EndProject
Project("{FAE04EC0-301F-11D3-BF4B-00C04F79EFBC}") = "IntComponent.Droid", "IntComponent\IntComponent.Droid\IntComponent.Droid.csproj", "{EEF5935A-F687-42D2-B4DE-729B0F7E547C}"
EndProject
Project("{FAE04EC0-301F-11D3-BF4B-00C04F79EFBC}") = "IntComponent.iOS", "IntComponent\IntComponent.iOS\IntComponent.iOS.csproj", "{354E29A1-8917-4315-A094-920A4F1BD80A}"
EndProject
Project("{FAE04EC0-301F-11D3-BF4B-00C04F79EFBC}") = "BindAWS", "BindAWS\BindAWS.csproj", "{A00A7928-98A1-4096-ACAA-88451A5FD3AD}"
EndProject
Global
	GlobalSection(SolutionConfigurationPlatforms) = preSolution
		Ad-Hoc|Any CPU = Ad-Hoc|Any CPU
		Ad-Hoc|iPhone = Ad-Hoc|iPhone
		Ad-Hoc|iPhoneSimulator = Ad-Hoc|iPhoneSimulator
		AppStore|Any CPU = AppStore|Any CPU
		AppStore|iPhone = AppStore|iPhone
		AppStore|iPhoneSimulator = AppStore|iPhoneSimulator
		Debug|Any CPU = Debug|Any CPU
		Debug|iPhone = Debug|iPhone
		Debug|iPhoneSimulator = Debug|iPhoneSimulator
		Release|Any CPU = Release|Any CPU
		Release|iPhone = Release|iPhone
		Release|iPhoneSimulator = Release|iPhoneSimulator
	EndGlobalSection
	GlobalSection(ProjectConfigurationPlatforms) = postSolution
		{0F6A8DEE-DA07-486E-B15A-F0B9B2BB4601}.Ad-Hoc|Any CPU.ActiveCfg = Release|Any CPU
		{0F6A8DEE-DA07-486E-B15A-F0B9B2BB4601}.Ad-Hoc|Any CPU.Build.0 = Release|Any CPU
		{0F6A8DEE-DA07-486E-B15A-F0B9B2BB4601}.Ad-Hoc|iPhone.ActiveCfg = Release|Any CPU
		{0F6A8DEE-DA07-486E-B15A-F0B9B2BB4601}.Ad-Hoc|iPhone.Build.0 = Release|Any CPU
		{0F6A8DEE-DA07-486E-B15A-F0B9B2BB4601}.Ad-Hoc|iPhoneSimulator.ActiveCfg = Release|Any CPU
		{0F6A8DEE-DA07-486E-B15A-F0B9B2BB4601}.Ad-Hoc|iPhoneSimulator.Build.0 = Release|Any CPU
		{0F6A8DEE-DA07-486E-B15A-F0B9B2BB4601}.AppStore|Any CPU.ActiveCfg = Release|Any CPU
		{0F6A8DEE-DA07-486E-B15A-F0B9B2BB4601}.AppStore|Any CPU.Build.0 = Release|Any CPU
		{0F6A8DEE-DA07-486E-B15A-F0B9B2BB4601}.AppStore|iPhone.ActiveCfg = Release|Any CPU
		{0F6A8DEE-DA07-486E-B15A-F0B9B2BB4601}.AppStore|iPhone.Build.0 = Release|Any CPU
		{0F6A8DEE-DA07-486E-B15A-F0B9B2BB4601}.AppStore|iPhoneSimulator.ActiveCfg = Release|Any CPU
		{0F6A8DEE-DA07-486E-B15A-F0B9B2BB4601}.AppStore|iPhoneSimulator.Build.0 = Release|Any CPU
		{0F6A8DEE-DA07-486E-B15A-F0B9B2BB4601}.Debug|Any CPU.ActiveCfg = Debug|Any CPU
		{0F6A8DEE-DA07-486E-B15A-F0B9B2BB4601}.Debug|Any CPU.Build.0 = Debug|Any CPU
		{0F6A8DEE-DA07-486E-B15A-F0B9B2BB4601}.Debug|iPhone.ActiveCfg = Debug|Any CPU
		{0F6A8DEE-DA07-486E-B15A-F0B9B2BB4601}.Debug|iPhone.Build.0 = Debug|Any CPU
		{0F6A8DEE-DA07-486E-B15A-F0B9B2BB4601}.Debug|iPhoneSimulator.ActiveCfg = Debug|Any CPU
		{0F6A8DEE-DA07-486E-B15A-F0B9B2BB4601}.Debug|iPhoneSimulator.Build.0 = Debug|Any CPU
		{0F6A8DEE-DA07-486E-B15A-F0B9B2BB4601}.Release|Any CPU.ActiveCfg = Release|Any CPU
		{0F6A8DEE-DA07-486E-B15A-F0B9B2BB4601}.Release|Any CPU.Build.0 = Release|Any CPU
		{0F6A8DEE-DA07-486E-B15A-F0B9B2BB4601}.Release|iPhone.ActiveCfg = Release|Any CPU
		{0F6A8DEE-DA07-486E-B15A-F0B9B2BB4601}.Release|iPhone.Build.0 = Release|Any CPU
		{0F6A8DEE-DA07-486E-B15A-F0B9B2BB4601}.Release|iPhoneSimulator.ActiveCfg = Release|Any CPU
		{0F6A8DEE-DA07-486E-B15A-F0B9B2BB4601}.Release|iPhoneSimulator.Build.0 = Release|Any CPU
		{EEF5935A-F687-42D2-B4DE-729B0F7E547C}.Ad-Hoc|Any CPU.ActiveCfg = Release|Any CPU
		{EEF5935A-F687-42D2-B4DE-729B0F7E547C}.Ad-Hoc|Any CPU.Build.0 = Release|Any CPU
		{EEF5935A-F687-42D2-B4DE-729B0F7E547C}.Ad-Hoc|Any CPU.Deploy.0 = Release|Any CPU
		{EEF5935A-F687-42D2-B4DE-729B0F7E547C}.Ad-Hoc|iPhone.ActiveCfg = Release|Any CPU
		{EEF5935A-F687-42D2-B4DE-729B0F7E547C}.Ad-Hoc|iPhone.Build.0 = Release|Any CPU
		{EEF5935A-F687-42D2-B4DE-729B0F7E547C}.Ad-Hoc|iPhone.Deploy.0 = Release|Any CPU
		{EEF5935A-F687-42D2-B4DE-729B0F7E547C}.Ad-Hoc|iPhoneSimulator.ActiveCfg = Release|Any CPU
		{EEF5935A-F687-42D2-B4DE-729B0F7E547C}.Ad-Hoc|iPhoneSimulator.Build.0 = Release|Any CPU
		{EEF5935A-F687-42D2-B4DE-729B0F7E547C}.Ad-Hoc|iPhoneSimulator.Deploy.0 = Release|Any CPU
		{EEF5935A-F687-42D2-B4DE-729B0F7E547C}.AppStore|Any CPU.ActiveCfg = Release|Any CPU
		{EEF5935A-F687-42D2-B4DE-729B0F7E547C}.AppStore|Any CPU.Build.0 = Release|Any CPU
		{EEF5935A-F687-42D2-B4DE-729B0F7E547C}.AppStore|Any CPU.Deploy.0 = Release|Any CPU
		{EEF5935A-F687-42D2-B4DE-729B0F7E547C}.AppStore|iPhone.ActiveCfg = Release|Any CPU
		{EEF5935A-F687-42D2-B4DE-729B0F7E547C}.AppStore|iPhone.Build.0 = Release|Any CPU
		{EEF5935A-F687-42D2-B4DE-729B0F7E547C}.AppStore|iPhone.Deploy.0 = Release|Any CPU
		{EEF5935A-F687-42D2-B4DE-729B0F7E547C}.AppStore|iPhoneSimulator.ActiveCfg = Release|Any CPU
		{EEF5935A-F687-42D2-B4DE-729B0F7E547C}.AppStore|iPhoneSimulator.Build.0 = Release|Any CPU
		{EEF5935A-F687-42D2-B4DE-729B0F7E547C}.AppStore|iPhoneSimulator.Deploy.0 = Release|Any CPU
		{EEF5935A-F687-42D2-B4DE-729B0F7E547C}.Debug|Any CPU.ActiveCfg = Debug|Any CPU
		{EEF5935A-F687-42D2-B4DE-729B0F7E547C}.Debug|Any CPU.Build.0 = Debug|Any CPU
		{EEF5935A-F687-42D2-B4DE-729B0F7E547C}.Debug|Any CPU.Deploy.0 = Debug|Any CPU
		{EEF5935A-F687-42D2-B4DE-729B0F7E547C}.Debug|iPhone.ActiveCfg = Debug|Any CPU
		{EEF5935A-F687-42D2-B4DE-729B0F7E547C}.Debug|iPhone.Build.0 = Debug|Any CPU
		{EEF5935A-F687-42D2-B4DE-729B0F7E547C}.Debug|iPhone.Deploy.0 = Debug|Any CPU
		{EEF5935A-F687-42D2-B4DE-729B0F7E547C}.Debug|iPhoneSimulator.ActiveCfg = Debug|Any CPU
		{EEF5935A-F687-42D2-B4DE-729B0F7E547C}.Debug|iPhoneSimulator.Build.0 = Debug|Any CPU
		{EEF5935A-F687-42D2-B4DE-729B0F7E547C}.Debug|iPhoneSimulator.Deploy.0 = Debug|Any CPU
		{EEF5935A-F687-42D2-B4DE-729B0F7E547C}.Release|Any CPU.ActiveCfg = Release|Any CPU
		{EEF5935A-F687-42D2-B4DE-729B0F7E547C}.Release|Any CPU.Build.0 = Release|Any CPU
		{EEF5935A-F687-42D2-B4DE-729B0F7E547C}.Release|Any CPU.Deploy.0 = Release|Any CPU
		{EEF5935A-F687-42D2-B4DE-729B0F7E547C}.Release|iPhone.ActiveCfg = Release|Any CPU
		{EEF5935A-F687-42D2-B4DE-729B0F7E547C}.Release|iPhone.Build.0 = Release|Any CPU
		{EEF5935A-F687-42D2-B4DE-729B0F7E547C}.Release|iPhone.Deploy.0 = Release|Any CPU
		{EEF5935A-F687-42D2-B4DE-729B0F7E547C}.Release|iPhoneSimulator.ActiveCfg = Release|Any CPU
		{EEF5935A-F687-42D2-B4DE-729B0F7E547C}.Release|iPhoneSimulator.Build.0 = Release|Any CPU
		{EEF5935A-F687-42D2-B4DE-729B0F7E547C}.Release|iPhoneSimulator.Deploy.0 = Release|Any CPU
		{354E29A1-8917-4315-A094-920A4F1BD80A}.Ad-Hoc|Any CPU.ActiveCfg = Ad-Hoc|iPhone
		{354E29A1-8917-4315-A094-920A4F1BD80A}.Ad-Hoc|iPhone.ActiveCfg = Ad-Hoc|iPhone
		{354E29A1-8917-4315-A094-920A4F1BD80A}.Ad-Hoc|iPhone.Build.0 = Ad-Hoc|iPhone
		{354E29A1-8917-4315-A094-920A4F1BD80A}.Ad-Hoc|iPhoneSimulator.ActiveCfg = Ad-Hoc|iPhoneSimulator
		{354E29A1-8917-4315-A094-920A4F1BD80A}.Ad-Hoc|iPhoneSimulator.Build.0 = Ad-Hoc|iPhoneSimulator
		{354E29A1-8917-4315-A094-920A4F1BD80A}.AppStore|Any CPU.ActiveCfg = AppStore|iPhone
		{354E29A1-8917-4315-A094-920A4F1BD80A}.AppStore|iPhone.ActiveCfg = AppStore|iPhone
		{354E29A1-8917-4315-A094-920A4F1BD80A}.AppStore|iPhone.Build.0 = AppStore|iPhone
		{354E29A1-8917-4315-A094-920A4F1BD80A}.AppStore|iPhoneSimulator.ActiveCfg = AppStore|iPhoneSimulator
		{354E29A1-8917-4315-A094-920A4F1BD80A}.AppStore|iPhoneSimulator.Build.0 = AppStore|iPhoneSimulator
		{354E29A1-8917-4315-A094-920A4F1BD80A}.Debug|Any CPU.ActiveCfg = Debug|iPhone
		{354E29A1-8917-4315-A094-920A4F1BD80A}.Debug|iPhone.ActiveCfg = Debug|iPhone
		{354E29A1-8917-4315-A094-920A4F1BD80A}.Debug|iPhone.Build.0 = Debug|iPhone
		{354E29A1-8917-4315-A094-920A4F1BD80A}.Debug|iPhoneSimulator.ActiveCfg = Debug|iPhoneSimulator
		{354E29A1-8917-4315-A094-920A4F1BD80A}.Debug|iPhoneSimulator.Build.0 = Debug|iPhoneSimulator
		{354E29A1-8917-4315-A094-920A4F1BD80A}.Release|Any CPU.ActiveCfg = Release|iPhone
		{354E29A1-8917-4315-A094-920A4F1BD80A}.Release|iPhone.ActiveCfg = Release|iPhone
		{354E29A1-8917-4315-A094-920A4F1BD80A}.Release|iPhone.Build.0 = Release|iPhone
		{354E29A1-8917-4315-A094-920A4F1BD80A}.Release|iPhoneSimulator.ActiveCfg = Release|iPhoneSimulator
		{354E29A1-8917-4315-A094-920A4F1BD80A}.Release|iPhoneSimulator.Build.0 = Release|iPhoneSimulator
		{A00A7928-98A1-4096-ACAA-88451A5FD3AD}.Ad-Hoc|Any CPU.ActiveCfg = Release|Any CPU
		{A00A7928-98A1-4096-ACAA-88451A5FD3AD}.Ad-Hoc|Any CPU.Build.0 = Release|Any CPU
		{A00A7928-98A1-4096-ACAA-88451A5FD3AD}.Ad-Hoc|iPhone.ActiveCfg = Release|Any CPU
		{A00A7928-98A1-4096-ACAA-88451A5FD3AD}.Ad-Hoc|iPhone.Build.0 = Release|Any CPU
		{A00A7928-98A1-4096-ACAA-88451A5FD3AD}.Ad-Hoc|iPhoneSimulator.ActiveCfg = Release|Any CPU
		{A00A7928-98A1-4096-ACAA-88451A5FD3AD}.Ad-Hoc|iPhoneSimulator.Build.0 = Release|Any CPU
		{A00A7928-98A1-4096-ACAA-88451A5FD3AD}.AppStore|Any CPU.ActiveCfg = Release|Any CPU
		{A00A7928-98A1-4096-ACAA-88451A5FD3AD}.AppStore|Any CPU.Build.0 = Release|Any CPU
		{A00A7928-98A1-4096-ACAA-88451A5FD3AD}.AppStore|iPhone.ActiveCfg = Release|Any CPU
		{A00A7928-98A1-4096-ACAA-88451A5FD3AD}.AppStore|iPhone.Build.0 = Release|Any CPU
		{A00A7928-98A1-4096-ACAA-88451A5FD3AD}.AppStore|iPhoneSimulator.ActiveCfg = Release|Any CPU
		{A00A7928-98A1-4096-ACAA-88451A5FD3AD}.AppStore|iPhoneSimulator.Build.0 = Release|Any CPU
		{A00A7928-98A1-4096-ACAA-88451A5FD3AD}.Debug|Any CPU.ActiveCfg = Debug|Any CPU
		{A00A7928-98A1-4096-ACAA-88451A5FD3AD}.Debug|Any CPU.Build.0 = Debug|Any CPU
		{A00A7928-98A1-4096-ACAA-88451A5FD3AD}.Debug|iPhone.ActiveCfg = Debug|Any CPU
		{A00A7928-98A1-4096-ACAA-88451A5FD3AD}.Debug|iPhone.Build.0 = Debug|Any CPU
		{A00A7928-98A1-4096-ACAA-88451A5FD3AD}.Debug|iPhoneSimulator.ActiveCfg = Debug|Any CPU
		{A00A7928-98A1-4096-ACAA-88451A5FD3AD}.Debug|iPhoneSimulator.Build.0 = Debug|Any CPU
		{A00A7928-98A1-4096-ACAA-88451A5FD3AD}.Release|Any CPU.ActiveCfg = Release|Any CPU
		{A00A7928-98A1-4096-ACAA-88451A5FD3AD}.Release|Any CPU.Build.0 = Release|Any CPU
		{A00A7928-98A1-4096-ACAA-88451A5FD3AD}.Release|iPhone.ActiveCfg = Release|Any CPU
		{A00A7928-98A1-4096-ACAA-88451A5FD3AD}.Release|iPhone.Build.0 = Release|Any CPU
		{A00A7928-98A1-4096-ACAA-88451A5FD3AD}.Release|iPhoneSimulator.ActiveCfg = Release|Any CPU
		{A00A7928-98A1-4096-ACAA-88451A5FD3AD}.Release|iPhoneSimulator.Build.0 = Release|Any CPU
	EndGlobalSection
	GlobalSection(SolutionProperties) = preSolution
		HideSolutionNode = FALSE
	EndGlobalSection
EndGlobal
